// !$*UTF8*$!
{
	archiveVersion = 1;
	classes = {
	};
	objectVersion = 46;
	objects = {

/* Begin PBXBuildFile section */
		5B2025410CC84CC893037895 /* libPods.a in Frameworks */ = {isa = PBXBuildFile; fileRef = D9E950554FEE413C9C0FFDEA /* libPods.a */; };
		BF6BA06118C5950B00A9DDDD /* RRVideoTest.m in Sources */ = {isa = PBXBuildFile; fileRef = BF6BA06018C5950B00A9DDDD /* RRVideoTest.m */; };
		BF6BA06518C5952C00A9DDDD /* RRVideo.m in Sources */ = {isa = PBXBuildFile; fileRef = BF6BA06418C5952C00A9DDDD /* RRVideo.m */; };
		BF6BA06618C5952C00A9DDDD /* RRVideo.m in Sources */ = {isa = PBXBuildFile; fileRef = BF6BA06418C5952C00A9DDDD /* RRVideo.m */; };
		BF6BA06918C596C600A9DDDD /* RRStubChannel.m in Sources */ = {isa = PBXBuildFile; fileRef = BF6BA06818C596C600A9DDDD /* RRStubChannel.m */; };
		BF85623C18E9256E001E0011 /* v3_videos_dendi.json in Resources */ = {isa = PBXBuildFile; fileRef = BF85623A18E9256E001E0011 /* v3_videos_dendi.json */; };
		BF85623D18E9256E001E0011 /* v3_videos_sing_sing.json in Resources */ = {isa = PBXBuildFile; fileRef = BF85623B18E9256E001E0011 /* v3_videos_sing_sing.json */; };
		BF85624018E92F6C001E0011 /* RRVideosViewController.m in Sources */ = {isa = PBXBuildFile; fileRef = BF85623F18E92F6C001E0011 /* RRVideosViewController.m */; };
		BF85624318E93046001E0011 /* RRVideoCell.m in Sources */ = {isa = PBXBuildFile; fileRef = BF85624218E93046001E0011 /* RRVideoCell.m */; };
		BFD2B43C18C2CB770086496C /* Foundation.framework in Frameworks */ = {isa = PBXBuildFile; fileRef = BFD2B43B18C2CB770086496C /* Foundation.framework */; };
		BFD2B43E18C2CB770086496C /* CoreGraphics.framework in Frameworks */ = {isa = PBXBuildFile; fileRef = BFD2B43D18C2CB770086496C /* CoreGraphics.framework */; };
		BFD2B44018C2CB770086496C /* UIKit.framework in Frameworks */ = {isa = PBXBuildFile; fileRef = BFD2B43F18C2CB770086496C /* UIKit.framework */; };
		BFD2B44618C2CB780086496C /* InfoPlist.strings in Resources */ = {isa = PBXBuildFile; fileRef = BFD2B44418C2CB780086496C /* InfoPlist.strings */; };
		BFD2B44818C2CB780086496C /* main.m in Sources */ = {isa = PBXBuildFile; fileRef = BFD2B44718C2CB780086496C /* main.m */; };
		BFD2B44C18C2CB780086496C /* RRAppDelegate.m in Sources */ = {isa = PBXBuildFile; fileRef = BFD2B44B18C2CB780086496C /* RRAppDelegate.m */; };
		BFD2B44E18C2CB780086496C /* Images.xcassets in Resources */ = {isa = PBXBuildFile; fileRef = BFD2B44D18C2CB780086496C /* Images.xcassets */; };
		BFD2B45518C2CB780086496C /* XCTest.framework in Frameworks */ = {isa = PBXBuildFile; fileRef = BFD2B45418C2CB780086496C /* XCTest.framework */; };
		BFD2B45618C2CB780086496C /* Foundation.framework in Frameworks */ = {isa = PBXBuildFile; fileRef = BFD2B43B18C2CB770086496C /* Foundation.framework */; };
		BFD2B45718C2CB780086496C /* UIKit.framework in Frameworks */ = {isa = PBXBuildFile; fileRef = BFD2B43F18C2CB770086496C /* UIKit.framework */; };
		BFD2B45F18C2CB780086496C /* InfoPlist.strings in Resources */ = {isa = PBXBuildFile; fileRef = BFD2B45D18C2CB780086496C /* InfoPlist.strings */; };
		BFD2B46118C2CB780086496C /* SmokeTest.m in Sources */ = {isa = PBXBuildFile; fileRef = BFD2B46018C2CB780086496C /* SmokeTest.m */; };
		BFD2B46D18C2CC430086496C /* RRMainViewController.m in Sources */ = {isa = PBXBuildFile; fileRef = BFD2B46C18C2CC430086496C /* RRMainViewController.m */; };
		BFD2B46E18C2CDEF0086496C /* RRMainViewController.m in Sources */ = {isa = PBXBuildFile; fileRef = BFD2B46C18C2CC430086496C /* RRMainViewController.m */; };
		BFD2B47718C2DE1A0086496C /* RRChannelTest.m in Sources */ = {isa = PBXBuildFile; fileRef = BFD2B47618C2DE1A0086496C /* RRChannelTest.m */; };
		BFD2B47A18C2E0D80086496C /* RRChannel.m in Sources */ = {isa = PBXBuildFile; fileRef = BFD2B47918C2E0D80086496C /* RRChannel.m */; };
		BFD2B47B18C2E0D80086496C /* RRChannel.m in Sources */ = {isa = PBXBuildFile; fileRef = BFD2B47918C2E0D80086496C /* RRChannel.m */; };
		BFD2B48218C3D1BB0086496C /* RRUserTest.m in Sources */ = {isa = PBXBuildFile; fileRef = BFD2B48118C3D1BB0086496C /* RRUserTest.m */; };
		BFD2B48618C3D5900086496C /* RRUser.m in Sources */ = {isa = PBXBuildFile; fileRef = BFD2B48518C3D5900086496C /* RRUser.m */; };
		BFD2B48718C3D5900086496C /* RRUser.m in Sources */ = {isa = PBXBuildFile; fileRef = BFD2B48518C3D5900086496C /* RRUser.m */; };
		BFD2B48B18C41DA60086496C /* v3_channels_dendi.json in Resources */ = {isa = PBXBuildFile; fileRef = BFD2B48918C41DA60086496C /* v3_channels_dendi.json */; };
		BFD2B48C18C41DA60086496C /* v3_channels_sing_sing.json in Resources */ = {isa = PBXBuildFile; fileRef = BFD2B48A18C41DA60086496C /* v3_channels_sing_sing.json */; };
		BFD2B49318C41E020086496C /* RRTwitchApiWorker.m in Sources */ = {isa = PBXBuildFile; fileRef = BFD2B49218C41E020086496C /* RRTwitchApiWorker.m */; };
		BFD2B49418C41E020086496C /* RRTwitchApiWorker.m in Sources */ = {isa = PBXBuildFile; fileRef = BFD2B49218C41E020086496C /* RRTwitchApiWorker.m */; };
		BFD2B49718C41E850086496C /* XCAsyncTestCase.m in Sources */ = {isa = PBXBuildFile; fileRef = BFD2B49618C41E850086496C /* XCAsyncTestCase.m */; };
		BFD2B4A118C429370086496C /* RRTwitchApiFileSource.m in Sources */ = {isa = PBXBuildFile; fileRef = BFD2B4A018C429370086496C /* RRTwitchApiFileSource.m */; };
		BFD2B4A718C429C20086496C /* RRTwitchApiWorkerTest.m in Sources */ = {isa = PBXBuildFile; fileRef = BFD2B4A618C429C20086496C /* RRTwitchApiWorkerTest.m */; };
		BFD2B4DF18C43A2E0086496C /* v3_channels_dendi.json in Resources */ = {isa = PBXBuildFile; fileRef = BFD2B48918C41DA60086496C /* v3_channels_dendi.json */; };
		BFD2B4E018C43A2E0086496C /* v3_channels_sing_sing.json in Resources */ = {isa = PBXBuildFile; fileRef = BFD2B48A18C41DA60086496C /* v3_channels_sing_sing.json */; };
		BFD2B4E318C43C290086496C /* RRTwitchApiNetworkSource.m in Sources */ = {isa = PBXBuildFile; fileRef = BFD2B4E218C43C290086496C /* RRTwitchApiNetworkSource.m */; };
		BFD2B4E418C43C290086496C /* RRTwitchApiNetworkSource.m in Sources */ = {isa = PBXBuildFile; fileRef = BFD2B4E218C43C290086496C /* RRTwitchApiNetworkSource.m */; };
		BFD2B4E718C447970086496C /* RRChannelCell.m in Sources */ = {isa = PBXBuildFile; fileRef = BFD2B4E618C447970086496C /* RRChannelCell.m */; };
		BFD2B4EA18C4502B0086496C /* RREmptyChannelCell.m in Sources */ = {isa = PBXBuildFile; fileRef = BFD2B4E918C4502B0086496C /* RREmptyChannelCell.m */; };
		C0CEBC825E024BF498D244C4 /* libPods.a in Frameworks */ = {isa = PBXBuildFile; fileRef = D9E950554FEE413C9C0FFDEA /* libPods.a */; };
/* End PBXBuildFile section */

/* Begin PBXContainerItemProxy section */
		BFD2B45818C2CB780086496C /* PBXContainerItemProxy */ = {
			isa = PBXContainerItemProxy;
			containerPortal = BFD2B43018C2CB770086496C /* Project object */;
			proxyType = 1;
			remoteGlobalIDString = BFD2B43718C2CB770086496C;
			remoteInfo = Streams;
		};
/* End PBXContainerItemProxy section */

/* Begin PBXFileReference section */
		19AF720DC04945C8B986A36E /* Pods.xcconfig */ = {isa = PBXFileReference; includeInIndex = 1; lastKnownFileType = text.xcconfig; name = Pods.xcconfig; path = ../Pods/Pods.xcconfig; sourceTree = "<group>"; };
		BF6BA06018C5950B00A9DDDD /* RRVideoTest.m */ = {isa = PBXFileReference; fileEncoding = 4; lastKnownFileType = sourcecode.c.objc; name = RRVideoTest.m; path = Classes/RRVideoTest.m; sourceTree = "<group>"; };
		BF6BA06318C5952C00A9DDDD /* RRVideo.h */ = {isa = PBXFileReference; fileEncoding = 4; lastKnownFileType = sourcecode.c.h; name = RRVideo.h; path = Classes/RRVideo.h; sourceTree = "<group>"; };
		BF6BA06418C5952C00A9DDDD /* RRVideo.m */ = {isa = PBXFileReference; fileEncoding = 4; lastKnownFileType = sourcecode.c.objc; name = RRVideo.m; path = Classes/RRVideo.m; sourceTree = "<group>"; };
		BF6BA06718C596C600A9DDDD /* RRStubChannel.h */ = {isa = PBXFileReference; fileEncoding = 4; lastKnownFileType = sourcecode.c.h; name = RRStubChannel.h; path = Classes/RRStubChannel.h; sourceTree = "<group>"; };
		BF6BA06818C596C600A9DDDD /* RRStubChannel.m */ = {isa = PBXFileReference; fileEncoding = 4; lastKnownFileType = sourcecode.c.objc; name = RRStubChannel.m; path = Classes/RRStubChannel.m; sourceTree = "<group>"; };
		BF85623A18E9256E001E0011 /* v3_videos_dendi.json */ = {isa = PBXFileReference; fileEncoding = 4; lastKnownFileType = text.json; name = v3_videos_dendi.json; path = fixtures/v3_videos_dendi.json; sourceTree = "<group>"; };
		BF85623B18E9256E001E0011 /* v3_videos_sing_sing.json */ = {isa = PBXFileReference; fileEncoding = 4; lastKnownFileType = text.json; name = v3_videos_sing_sing.json; path = fixtures/v3_videos_sing_sing.json; sourceTree = "<group>"; };
		BF85623E18E92F6C001E0011 /* RRVideosViewController.h */ = {isa = PBXFileReference; fileEncoding = 4; lastKnownFileType = sourcecode.c.h; name = RRVideosViewController.h; path = Classes/RRVideosViewController.h; sourceTree = "<group>"; };
		BF85623F18E92F6C001E0011 /* RRVideosViewController.m */ = {isa = PBXFileReference; fileEncoding = 4; lastKnownFileType = sourcecode.c.objc; name = RRVideosViewController.m; path = Classes/RRVideosViewController.m; sourceTree = "<group>"; };
		BF85624118E93046001E0011 /* RRVideoCell.h */ = {isa = PBXFileReference; fileEncoding = 4; lastKnownFileType = sourcecode.c.h; name = RRVideoCell.h; path = Classes/RRVideoCell.h; sourceTree = "<group>"; };
		BF85624218E93046001E0011 /* RRVideoCell.m */ = {isa = PBXFileReference; fileEncoding = 4; lastKnownFileType = sourcecode.c.objc; name = RRVideoCell.m; path = Classes/RRVideoCell.m; sourceTree = "<group>"; };
		BFD2B43818C2CB770086496C /* Streams.app */ = {isa = PBXFileReference; explicitFileType = wrapper.application; includeInIndex = 0; path = Streams.app; sourceTree = BUILT_PRODUCTS_DIR; };
		BFD2B43B18C2CB770086496C /* Foundation.framework */ = {isa = PBXFileReference; lastKnownFileType = wrapper.framework; name = Foundation.framework; path = System/Library/Frameworks/Foundation.framework; sourceTree = SDKROOT; };
		BFD2B43D18C2CB770086496C /* CoreGraphics.framework */ = {isa = PBXFileReference; lastKnownFileType = wrapper.framework; name = CoreGraphics.framework; path = System/Library/Frameworks/CoreGraphics.framework; sourceTree = SDKROOT; };
		BFD2B43F18C2CB770086496C /* UIKit.framework */ = {isa = PBXFileReference; lastKnownFileType = wrapper.framework; name = UIKit.framework; path = System/Library/Frameworks/UIKit.framework; sourceTree = SDKROOT; };
		BFD2B44318C2CB780086496C /* Streams-Info.plist */ = {isa = PBXFileReference; lastKnownFileType = text.plist.xml; path = "Streams-Info.plist"; sourceTree = "<group>"; };
		BFD2B44518C2CB780086496C /* en */ = {isa = PBXFileReference; lastKnownFileType = text.plist.strings; name = en; path = en.lproj/InfoPlist.strings; sourceTree = "<group>"; };
		BFD2B44718C2CB780086496C /* main.m */ = {isa = PBXFileReference; lastKnownFileType = sourcecode.c.objc; path = main.m; sourceTree = "<group>"; };
		BFD2B44918C2CB780086496C /* Streams-Prefix.pch */ = {isa = PBXFileReference; lastKnownFileType = sourcecode.c.h; path = "Streams-Prefix.pch"; sourceTree = "<group>"; };
		BFD2B44A18C2CB780086496C /* RRAppDelegate.h */ = {isa = PBXFileReference; lastKnownFileType = sourcecode.c.h; path = RRAppDelegate.h; sourceTree = "<group>"; };
		BFD2B44B18C2CB780086496C /* RRAppDelegate.m */ = {isa = PBXFileReference; lastKnownFileType = sourcecode.c.objc; path = RRAppDelegate.m; sourceTree = "<group>"; };
		BFD2B44D18C2CB780086496C /* Images.xcassets */ = {isa = PBXFileReference; lastKnownFileType = folder.assetcatalog; path = Images.xcassets; sourceTree = "<group>"; };
		BFD2B45318C2CB780086496C /* StreamsTests.xctest */ = {isa = PBXFileReference; explicitFileType = wrapper.cfbundle; includeInIndex = 0; path = StreamsTests.xctest; sourceTree = BUILT_PRODUCTS_DIR; };
		BFD2B45418C2CB780086496C /* XCTest.framework */ = {isa = PBXFileReference; lastKnownFileType = wrapper.framework; name = XCTest.framework; path = Library/Frameworks/XCTest.framework; sourceTree = DEVELOPER_DIR; };
		BFD2B45C18C2CB780086496C /* StreamsTests-Info.plist */ = {isa = PBXFileReference; lastKnownFileType = text.plist.xml; path = "StreamsTests-Info.plist"; sourceTree = "<group>"; };
		BFD2B45E18C2CB780086496C /* en */ = {isa = PBXFileReference; lastKnownFileType = text.plist.strings; name = en; path = en.lproj/InfoPlist.strings; sourceTree = "<group>"; };
		BFD2B46018C2CB780086496C /* SmokeTest.m */ = {isa = PBXFileReference; lastKnownFileType = sourcecode.c.objc; path = SmokeTest.m; sourceTree = "<group>"; };
		BFD2B46B18C2CC430086496C /* RRMainViewController.h */ = {isa = PBXFileReference; fileEncoding = 4; lastKnownFileType = sourcecode.c.h; name = RRMainViewController.h; path = Classes/RRMainViewController.h; sourceTree = "<group>"; };
		BFD2B46C18C2CC430086496C /* RRMainViewController.m */ = {isa = PBXFileReference; fileEncoding = 4; lastKnownFileType = sourcecode.c.objc; name = RRMainViewController.m; path = Classes/RRMainViewController.m; sourceTree = "<group>"; };
		BFD2B47618C2DE1A0086496C /* RRChannelTest.m */ = {isa = PBXFileReference; fileEncoding = 4; lastKnownFileType = sourcecode.c.objc; name = RRChannelTest.m; path = Classes/RRChannelTest.m; sourceTree = "<group>"; };
		BFD2B47818C2E0D80086496C /* RRChannel.h */ = {isa = PBXFileReference; fileEncoding = 4; lastKnownFileType = sourcecode.c.h; name = RRChannel.h; path = Classes/RRChannel.h; sourceTree = "<group>"; };
		BFD2B47918C2E0D80086496C /* RRChannel.m */ = {isa = PBXFileReference; fileEncoding = 4; lastKnownFileType = sourcecode.c.objc; name = RRChannel.m; path = Classes/RRChannel.m; sourceTree = "<group>"; };
		BFD2B48118C3D1BB0086496C /* RRUserTest.m */ = {isa = PBXFileReference; fileEncoding = 4; lastKnownFileType = sourcecode.c.objc; name = RRUserTest.m; path = Classes/RRUserTest.m; sourceTree = "<group>"; };
		BFD2B48418C3D5900086496C /* RRUser.h */ = {isa = PBXFileReference; fileEncoding = 4; lastKnownFileType = sourcecode.c.h; name = RRUser.h; path = Classes/RRUser.h; sourceTree = "<group>"; };
		BFD2B48518C3D5900086496C /* RRUser.m */ = {isa = PBXFileReference; fileEncoding = 4; lastKnownFileType = sourcecode.c.objc; name = RRUser.m; path = Classes/RRUser.m; sourceTree = "<group>"; };
		BFD2B48918C41DA60086496C /* v3_channels_dendi.json */ = {isa = PBXFileReference; fileEncoding = 4; lastKnownFileType = text.json; name = v3_channels_dendi.json; path = fixtures/v3_channels_dendi.json; sourceTree = "<group>"; };
		BFD2B48A18C41DA60086496C /* v3_channels_sing_sing.json */ = {isa = PBXFileReference; fileEncoding = 4; lastKnownFileType = text.json; name = v3_channels_sing_sing.json; path = fixtures/v3_channels_sing_sing.json; sourceTree = "<group>"; };
		BFD2B49118C41E020086496C /* RRTwitchApiWorker.h */ = {isa = PBXFileReference; fileEncoding = 4; lastKnownFileType = sourcecode.c.h; name = RRTwitchApiWorker.h; path = Classes/RRTwitchApiWorker.h; sourceTree = "<group>"; };
		BFD2B49218C41E020086496C /* RRTwitchApiWorker.m */ = {isa = PBXFileReference; fileEncoding = 4; lastKnownFileType = sourcecode.c.objc; name = RRTwitchApiWorker.m; path = Classes/RRTwitchApiWorker.m; sourceTree = "<group>"; };
		BFD2B49618C41E850086496C /* XCAsyncTestCase.m */ = {isa = PBXFileReference; fileEncoding = 4; lastKnownFileType = sourcecode.c.objc; name = XCAsyncTestCase.m; path = Classes/XCAsyncTestCase.m; sourceTree = "<group>"; };
		BFD2B49818C41EC50086496C /* XCAsyncTestCase.h */ = {isa = PBXFileReference; fileEncoding = 4; lastKnownFileType = sourcecode.c.h; name = XCAsyncTestCase.h; path = Classes/XCAsyncTestCase.h; sourceTree = "<group>"; };
		BFD2B49E18C4248C0086496C /* RRTwitchApiSource.h */ = {isa = PBXFileReference; lastKnownFileType = sourcecode.c.h; name = RRTwitchApiSource.h; path = Classes/RRTwitchApiSource.h; sourceTree = "<group>"; };
		BFD2B49F18C429370086496C /* RRTwitchApiFileSource.h */ = {isa = PBXFileReference; fileEncoding = 4; lastKnownFileType = sourcecode.c.h; name = RRTwitchApiFileSource.h; path = Classes/RRTwitchApiFileSource.h; sourceTree = "<group>"; };
		BFD2B4A018C429370086496C /* RRTwitchApiFileSource.m */ = {isa = PBXFileReference; fileEncoding = 4; lastKnownFileType = sourcecode.c.objc; name = RRTwitchApiFileSource.m; path = Classes/RRTwitchApiFileSource.m; sourceTree = "<group>"; };
		BFD2B4A618C429C20086496C /* RRTwitchApiWorkerTest.m */ = {isa = PBXFileReference; fileEncoding = 4; lastKnownFileType = sourcecode.c.objc; name = RRTwitchApiWorkerTest.m; path = Classes/RRTwitchApiWorkerTest.m; sourceTree = "<group>"; };
		BFD2B4E118C43C290086496C /* RRTwitchApiNetworkSource.h */ = {isa = PBXFileReference; fileEncoding = 4; lastKnownFileType = sourcecode.c.h; name = RRTwitchApiNetworkSource.h; path = Classes/RRTwitchApiNetworkSource.h; sourceTree = "<group>"; };
		BFD2B4E218C43C290086496C /* RRTwitchApiNetworkSource.m */ = {isa = PBXFileReference; fileEncoding = 4; lastKnownFileType = sourcecode.c.objc; name = RRTwitchApiNetworkSource.m; path = Classes/RRTwitchApiNetworkSource.m; sourceTree = "<group>"; };
		BFD2B4E518C447970086496C /* RRChannelCell.h */ = {isa = PBXFileReference; fileEncoding = 4; lastKnownFileType = sourcecode.c.h; name = RRChannelCell.h; path = Classes/RRChannelCell.h; sourceTree = "<group>"; };
		BFD2B4E618C447970086496C /* RRChannelCell.m */ = {isa = PBXFileReference; fileEncoding = 4; lastKnownFileType = sourcecode.c.objc; name = RRChannelCell.m; path = Classes/RRChannelCell.m; sourceTree = "<group>"; };
		BFD2B4E818C4502A0086496C /* RREmptyChannelCell.h */ = {isa = PBXFileReference; fileEncoding = 4; lastKnownFileType = sourcecode.c.h; name = RREmptyChannelCell.h; path = Classes/RREmptyChannelCell.h; sourceTree = "<group>"; };
		BFD2B4E918C4502B0086496C /* RREmptyChannelCell.m */ = {isa = PBXFileReference; fileEncoding = 4; lastKnownFileType = sourcecode.c.objc; name = RREmptyChannelCell.m; path = Classes/RREmptyChannelCell.m; sourceTree = "<group>"; };
		D9E950554FEE413C9C0FFDEA /* libPods.a */ = {isa = PBXFileReference; explicitFileType = archive.ar; includeInIndex = 0; path = libPods.a; sourceTree = BUILT_PRODUCTS_DIR; };
/* End PBXFileReference section */

/* Begin PBXFrameworksBuildPhase section */
		BFD2B43518C2CB770086496C /* Frameworks */ = {
			isa = PBXFrameworksBuildPhase;
			buildActionMask = 2147483647;
			files = (
				BFD2B43E18C2CB770086496C /* CoreGraphics.framework in Frameworks */,
				BFD2B44018C2CB770086496C /* UIKit.framework in Frameworks */,
				BFD2B43C18C2CB770086496C /* Foundation.framework in Frameworks */,
				C0CEBC825E024BF498D244C4 /* libPods.a in Frameworks */,
			);
			runOnlyForDeploymentPostprocessing = 0;
		};
		BFD2B45018C2CB780086496C /* Frameworks */ = {
			isa = PBXFrameworksBuildPhase;
			buildActionMask = 2147483647;
			files = (
				BFD2B45518C2CB780086496C /* XCTest.framework in Frameworks */,
				BFD2B45718C2CB780086496C /* UIKit.framework in Frameworks */,
				BFD2B45618C2CB780086496C /* Foundation.framework in Frameworks */,
				5B2025410CC84CC893037895 /* libPods.a in Frameworks */,
			);
			runOnlyForDeploymentPostprocessing = 0;
		};
/* End PBXFrameworksBuildPhase section */

/* Begin PBXGroup section */
		BF6BA05C18C594D300A9DDDD /* Video */ = {
			isa = PBXGroup;
			children = (
				BF6BA06018C5950B00A9DDDD /* RRVideoTest.m */,
			);
			name = Video;
			sourceTree = "<group>";
		};
		BF6BA06218C5951E00A9DDDD /* Video */ = {
			isa = PBXGroup;
			children = (
				BF6BA06318C5952C00A9DDDD /* RRVideo.h */,
				BF6BA06418C5952C00A9DDDD /* RRVideo.m */,
				BF85624118E93046001E0011 /* RRVideoCell.h */,
				BF85624218E93046001E0011 /* RRVideoCell.m */,
				BF85623E18E92F6C001E0011 /* RRVideosViewController.h */,
				BF85623F18E92F6C001E0011 /* RRVideosViewController.m */,
			);
			name = Video;
			sourceTree = "<group>";
		};
		BFD2B42F18C2CB770086496C = {
			isa = PBXGroup;
			children = (
				BFD2B44118C2CB780086496C /* Streams */,
				BFD2B45A18C2CB780086496C /* StreamsTests */,
				BFD2B43A18C2CB770086496C /* Frameworks */,
				BFD2B43918C2CB770086496C /* Products */,
				19AF720DC04945C8B986A36E /* Pods.xcconfig */,
			);
			sourceTree = "<group>";
		};
		BFD2B43918C2CB770086496C /* Products */ = {
			isa = PBXGroup;
			children = (
				BFD2B43818C2CB770086496C /* Streams.app */,
				BFD2B45318C2CB780086496C /* StreamsTests.xctest */,
			);
			name = Products;
			sourceTree = "<group>";
		};
		BFD2B43A18C2CB770086496C /* Frameworks */ = {
			isa = PBXGroup;
			children = (
				BFD2B43B18C2CB770086496C /* Foundation.framework */,
				BFD2B43D18C2CB770086496C /* CoreGraphics.framework */,
				BFD2B43F18C2CB770086496C /* UIKit.framework */,
				BFD2B45418C2CB780086496C /* XCTest.framework */,
				D9E950554FEE413C9C0FFDEA /* libPods.a */,
			);
			name = Frameworks;
			sourceTree = "<group>";
		};
		BFD2B44118C2CB780086496C /* Streams */ = {
			isa = PBXGroup;
			children = (
				BFD2B44D18C2CB780086496C /* Images.xcassets */,
				BFD2B46A18C2CBD50086496C /* Classes */,
				BFD2B44218C2CB780086496C /* Supporting Files */,
			);
			path = Streams;
			sourceTree = "<group>";
		};
		BFD2B44218C2CB780086496C /* Supporting Files */ = {
			isa = PBXGroup;
			children = (
				BFD2B44318C2CB780086496C /* Streams-Info.plist */,
				BFD2B44418C2CB780086496C /* InfoPlist.strings */,
				BFD2B44718C2CB780086496C /* main.m */,
				BFD2B44918C2CB780086496C /* Streams-Prefix.pch */,
			);
			name = "Supporting Files";
			sourceTree = "<group>";
		};
		BFD2B45A18C2CB780086496C /* StreamsTests */ = {
			isa = PBXGroup;
			children = (
				BFD2B48818C41D8E0086496C /* Fixtures */,
				BFD2B47018C2DD790086496C /* Classes */,
				BFD2B46018C2CB780086496C /* SmokeTest.m */,
				BFD2B45B18C2CB780086496C /* Supporting Files */,
			);
			path = StreamsTests;
			sourceTree = "<group>";
		};
		BFD2B45B18C2CB780086496C /* Supporting Files */ = {
			isa = PBXGroup;
			children = (
				BFD2B45C18C2CB780086496C /* StreamsTests-Info.plist */,
				BFD2B45D18C2CB780086496C /* InfoPlist.strings */,
			);
			name = "Supporting Files";
			sourceTree = "<group>";
		};
		BFD2B46A18C2CBD50086496C /* Classes */ = {
			isa = PBXGroup;
			children = (
				BFD2B49018C41DF00086496C /* Twitch */,
				BFD2B48318C3D56F0086496C /* User */,
				BFD2B47D18C2E41A0086496C /* Channel */,
				BF6BA06218C5951E00A9DDDD /* Video */,
				BFD2B47C18C2E28C0086496C /* Main */,
				BFD2B44A18C2CB780086496C /* RRAppDelegate.h */,
				BFD2B44B18C2CB780086496C /* RRAppDelegate.m */,
			);
			name = Classes;
			sourceTree = "<group>";
		};
		BFD2B47018C2DD790086496C /* Classes */ = {
			isa = PBXGroup;
			children = (
				BFD2B49518C41E680086496C /* Helpers */,
				BFD2B48D18C41DCD0086496C /* Twitch */,
				BFD2B48018C3D1990086496C /* User */,
				BFD2B47E18C2E42D0086496C /* Channel */,
				BF6BA05C18C594D300A9DDDD /* Video */,
			);
			name = Classes;
			sourceTree = "<group>";
		};
		BFD2B47C18C2E28C0086496C /* Main */ = {
			isa = PBXGroup;
			children = (
				BFD2B46B18C2CC430086496C /* RRMainViewController.h */,
				BFD2B46C18C2CC430086496C /* RRMainViewController.m */,
			);
			name = Main;
			sourceTree = "<group>";
		};
		BFD2B47D18C2E41A0086496C /* Channel */ = {
			isa = PBXGroup;
			children = (
				BFD2B47818C2E0D80086496C /* RRChannel.h */,
				BFD2B47918C2E0D80086496C /* RRChannel.m */,
				BFD2B4E518C447970086496C /* RRChannelCell.h */,
				BFD2B4E618C447970086496C /* RRChannelCell.m */,
				BFD2B4E818C4502A0086496C /* RREmptyChannelCell.h */,
				BFD2B4E918C4502B0086496C /* RREmptyChannelCell.m */,
			);
			name = Channel;
			sourceTree = "<group>";
		};
		BFD2B47E18C2E42D0086496C /* Channel */ = {
			isa = PBXGroup;
			children = (
				BFD2B47618C2DE1A0086496C /* RRChannelTest.m */,
				BF6BA06718C596C600A9DDDD /* RRStubChannel.h */,
				BF6BA06818C596C600A9DDDD /* RRStubChannel.m */,
			);
			name = Channel;
			sourceTree = "<group>";
		};
		BFD2B48018C3D1990086496C /* User */ = {
			isa = PBXGroup;
			children = (
				BFD2B48118C3D1BB0086496C /* RRUserTest.m */,
			);
			name = User;
			sourceTree = "<group>";
		};
		BFD2B48318C3D56F0086496C /* User */ = {
			isa = PBXGroup;
			children = (
				BFD2B48418C3D5900086496C /* RRUser.h */,
				BFD2B48518C3D5900086496C /* RRUser.m */,
			);
			name = User;
			sourceTree = "<group>";
		};
		BFD2B48818C41D8E0086496C /* Fixtures */ = {
			isa = PBXGroup;
			children = (
				BF85623A18E9256E001E0011 /* v3_videos_dendi.json */,
				BF85623B18E9256E001E0011 /* v3_videos_sing_sing.json */,
				BFD2B48918C41DA60086496C /* v3_channels_dendi.json */,
				BFD2B48A18C41DA60086496C /* v3_channels_sing_sing.json */,
			);
			name = Fixtures;
			sourceTree = "<group>";
		};
		BFD2B48D18C41DCD0086496C /* Twitch */ = {
			isa = PBXGroup;
			children = (
				BFD2B4A618C429C20086496C /* RRTwitchApiWorkerTest.m */,
				BFD2B49F18C429370086496C /* RRTwitchApiFileSource.h */,
				BFD2B4A018C429370086496C /* RRTwitchApiFileSource.m */,
			);
			name = Twitch;
			sourceTree = "<group>";
		};
		BFD2B49018C41DF00086496C /* Twitch */ = {
			isa = PBXGroup;
			children = (
				BFD2B49118C41E020086496C /* RRTwitchApiWorker.h */,
				BFD2B49218C41E020086496C /* RRTwitchApiWorker.m */,
				BFD2B49E18C4248C0086496C /* RRTwitchApiSource.h */,
				BFD2B4E118C43C290086496C /* RRTwitchApiNetworkSource.h */,
				BFD2B4E218C43C290086496C /* RRTwitchApiNetworkSource.m */,
			);
			name = Twitch;
			sourceTree = "<group>";
		};
		BFD2B49518C41E680086496C /* Helpers */ = {
			isa = PBXGroup;
			children = (
				BFD2B49818C41EC50086496C /* XCAsyncTestCase.h */,
				BFD2B49618C41E850086496C /* XCAsyncTestCase.m */,
			);
			name = Helpers;
			sourceTree = "<group>";
		};
/* End PBXGroup section */

/* Begin PBXNativeTarget section */
		BFD2B43718C2CB770086496C /* Streams */ = {
			isa = PBXNativeTarget;
			buildConfigurationList = BFD2B46418C2CB780086496C /* Build configuration list for PBXNativeTarget "Streams" */;
			buildPhases = (
				15B7BB312581426FB58D881B /* Check Pods Manifest.lock */,
				BFD2B43418C2CB770086496C /* Sources */,
				BFD2B43518C2CB770086496C /* Frameworks */,
				BFD2B43618C2CB770086496C /* Resources */,
				88AD0DD107C44DA684F6AE56 /* Copy Pods Resources */,
			);
			buildRules = (
			);
			dependencies = (
			);
			name = Streams;
			productName = Streams;
			productReference = BFD2B43818C2CB770086496C /* Streams.app */;
			productType = "com.apple.product-type.application";
		};
		BFD2B45218C2CB780086496C /* StreamsTests */ = {
			isa = PBXNativeTarget;
			buildConfigurationList = BFD2B46718C2CB780086496C /* Build configuration list for PBXNativeTarget "StreamsTests" */;
			buildPhases = (
				5829EDA3BF234B858ADC956C /* Check Pods Manifest.lock */,
				BFD2B44F18C2CB780086496C /* Sources */,
				BFD2B45018C2CB780086496C /* Frameworks */,
				BFD2B45118C2CB780086496C /* Resources */,
				A8A449964770421E90CAAAE4 /* Copy Pods Resources */,
			);
			buildRules = (
			);
			dependencies = (
				BFD2B45918C2CB780086496C /* PBXTargetDependency */,
			);
			name = StreamsTests;
			productName = StreamsTests;
			productReference = BFD2B45318C2CB780086496C /* StreamsTests.xctest */;
			productType = "com.apple.product-type.bundle.unit-test";
		};
/* End PBXNativeTarget section */

/* Begin PBXProject section */
		BFD2B43018C2CB770086496C /* Project object */ = {
			isa = PBXProject;
			attributes = {
				CLASSPREFIX = RR;
				LastUpgradeCheck = 0510;
				ORGANIZATIONNAME = "RadReichley Inc.";
				TargetAttributes = {
					BFD2B45218C2CB780086496C = {
						TestTargetID = BFD2B43718C2CB770086496C;
					};
				};
			};
			buildConfigurationList = BFD2B43318C2CB770086496C /* Build configuration list for PBXProject "Streams" */;
			compatibilityVersion = "Xcode 3.2";
			developmentRegion = English;
			hasScannedForEncodings = 0;
			knownRegions = (
				en,
			);
			mainGroup = BFD2B42F18C2CB770086496C;
			productRefGroup = BFD2B43918C2CB770086496C /* Products */;
			projectDirPath = "";
			projectRoot = "";
			targets = (
				BFD2B43718C2CB770086496C /* Streams */,
				BFD2B45218C2CB780086496C /* StreamsTests */,
			);
		};
/* End PBXProject section */

/* Begin PBXResourcesBuildPhase section */
		BFD2B43618C2CB770086496C /* Resources */ = {
			isa = PBXResourcesBuildPhase;
			buildActionMask = 2147483647;
			files = (
				BFD2B44618C2CB780086496C /* InfoPlist.strings in Resources */,
				BFD2B4DF18C43A2E0086496C /* v3_channels_dendi.json in Resources */,
				BFD2B4E018C43A2E0086496C /* v3_channels_sing_sing.json in Resources */,
				BFD2B44E18C2CB780086496C /* Images.xcassets in Resources */,
			);
			runOnlyForDeploymentPostprocessing = 0;
		};
		BFD2B45118C2CB780086496C /* Resources */ = {
			isa = PBXResourcesBuildPhase;
			buildActionMask = 2147483647;
			files = (
				BF85623D18E9256E001E0011 /* v3_videos_sing_sing.json in Resources */,
				BFD2B45F18C2CB780086496C /* InfoPlist.strings in Resources */,
				BF85623C18E9256E001E0011 /* v3_videos_dendi.json in Resources */,
				BFD2B48C18C41DA60086496C /* v3_channels_sing_sing.json in Resources */,
				BFD2B48B18C41DA60086496C /* v3_channels_dendi.json in Resources */,
			);
			runOnlyForDeploymentPostprocessing = 0;
		};
/* End PBXResourcesBuildPhase section */

/* Begin PBXShellScriptBuildPhase section */
		15B7BB312581426FB58D881B /* Check Pods Manifest.lock */ = {
			isa = PBXShellScriptBuildPhase;
			buildActionMask = 2147483647;
			files = (
			);
			inputPaths = (
			);
			name = "Check Pods Manifest.lock";
			outputPaths = (
			);
			runOnlyForDeploymentPostprocessing = 0;
			shellPath = /bin/sh;
			shellScript = "diff \"${PODS_ROOT}/../Podfile.lock\" \"${PODS_ROOT}/Manifest.lock\" > /dev/null\nif [[ $? != 0 ]] ; then\n    cat << EOM\nerror: The sandbox is not in sync with the Podfile.lock. Run 'pod install' or update your CocoaPods installation.\nEOM\n    exit 1\nfi\n";
			showEnvVarsInLog = 0;
		};
		5829EDA3BF234B858ADC956C /* Check Pods Manifest.lock */ = {
			isa = PBXShellScriptBuildPhase;
			buildActionMask = 2147483647;
			files = (
			);
			inputPaths = (
			);
			name = "Check Pods Manifest.lock";
			outputPaths = (
			);
			runOnlyForDeploymentPostprocessing = 0;
			shellPath = /bin/sh;
			shellScript = "diff \"${PODS_ROOT}/../Podfile.lock\" \"${PODS_ROOT}/Manifest.lock\" > /dev/null\nif [[ $? != 0 ]] ; then\n    cat << EOM\nerror: The sandbox is not in sync with the Podfile.lock. Run 'pod install' or update your CocoaPods installation.\nEOM\n    exit 1\nfi\n";
			showEnvVarsInLog = 0;
		};
		88AD0DD107C44DA684F6AE56 /* Copy Pods Resources */ = {
			isa = PBXShellScriptBuildPhase;
			buildActionMask = 2147483647;
			files = (
			);
			inputPaths = (
			);
			name = "Copy Pods Resources";
			outputPaths = (
			);
			runOnlyForDeploymentPostprocessing = 0;
			shellPath = /bin/sh;
			shellScript = "\"${SRCROOT}/../Pods/Pods-resources.sh\"\n";
			showEnvVarsInLog = 0;
		};
		A8A449964770421E90CAAAE4 /* Copy Pods Resources */ = {
			isa = PBXShellScriptBuildPhase;
			buildActionMask = 2147483647;
			files = (
			);
			inputPaths = (
			);
			name = "Copy Pods Resources";
			outputPaths = (
			);
			runOnlyForDeploymentPostprocessing = 0;
			shellPath = /bin/sh;
			shellScript = "\"${SRCROOT}/../Pods/Pods-resources.sh\"\n";
			showEnvVarsInLog = 0;
		};
/* End PBXShellScriptBuildPhase section */

/* Begin PBXSourcesBuildPhase section */
		BFD2B43418C2CB770086496C /* Sources */ = {
			isa = PBXSourcesBuildPhase;
			buildActionMask = 2147483647;
			files = (
				BFD2B4E318C43C290086496C /* RRTwitchApiNetworkSource.m in Sources */,
				BFD2B44C18C2CB780086496C /* RRAppDelegate.m in Sources */,
				BFD2B44818C2CB780086496C /* main.m in Sources */,
				BFD2B46D18C2CC430086496C /* RRMainViewController.m in Sources */,
				BF85624018E92F6C001E0011 /* RRVideosViewController.m in Sources */,
				BFD2B49318C41E020086496C /* RRTwitchApiWorker.m in Sources */,
				BFD2B4EA18C4502B0086496C /* RREmptyChannelCell.m in Sources */,
				BFD2B47A18C2E0D80086496C /* RRChannel.m in Sources */,
				BF6BA06518C5952C00A9DDDD /* RRVideo.m in Sources */,
				BFD2B48618C3D5900086496C /* RRUser.m in Sources */,
				BFD2B4E718C447970086496C /* RRChannelCell.m in Sources */,
				BF85624318E93046001E0011 /* RRVideoCell.m in Sources */,
			);
			runOnlyForDeploymentPostprocessing = 0;
		};
		BFD2B44F18C2CB780086496C /* Sources */ = {
			isa = PBXSourcesBuildPhase;
			buildActionMask = 2147483647;
			files = (
				BFD2B46118C2CB780086496C /* SmokeTest.m in Sources */,
				BFD2B49418C41E020086496C /* RRTwitchApiWorker.m in Sources */,
				BFD2B49718C41E850086496C /* XCAsyncTestCase.m in Sources */,
				BFD2B47718C2DE1A0086496C /* RRChannelTest.m in Sources */,
				BFD2B48218C3D1BB0086496C /* RRUserTest.m in Sources */,
				BFD2B4A118C429370086496C /* RRTwitchApiFileSource.m in Sources */,
				BFD2B46E18C2CDEF0086496C /* RRMainViewController.m in Sources */,
				BF6BA06618C5952C00A9DDDD /* RRVideo.m in Sources */,
				BFD2B48718C3D5900086496C /* RRUser.m in Sources */,
				BF6BA06918C596C600A9DDDD /* RRStubChannel.m in Sources */,
				BFD2B4A718C429C20086496C /* RRTwitchApiWorkerTest.m in Sources */,
				BFD2B47B18C2E0D80086496C /* RRChannel.m in Sources */,
				BFD2B4E418C43C290086496C /* RRTwitchApiNetworkSource.m in Sources */,
				BF6BA06118C5950B00A9DDDD /* RRVideoTest.m in Sources */,
			);
			runOnlyForDeploymentPostprocessing = 0;
		};
/* End PBXSourcesBuildPhase section */

/* Begin PBXTargetDependency section */
		BFD2B45918C2CB780086496C /* PBXTargetDependency */ = {
			isa = PBXTargetDependency;
			target = BFD2B43718C2CB770086496C /* Streams */;
			targetProxy = BFD2B45818C2CB780086496C /* PBXContainerItemProxy */;
		};
/* End PBXTargetDependency section */

/* Begin PBXVariantGroup section */
		BFD2B44418C2CB780086496C /* InfoPlist.strings */ = {
			isa = PBXVariantGroup;
			children = (
				BFD2B44518C2CB780086496C /* en */,
			);
			name = InfoPlist.strings;
			sourceTree = "<group>";
		};
		BFD2B45D18C2CB780086496C /* InfoPlist.strings */ = {
			isa = PBXVariantGroup;
			children = (
				BFD2B45E18C2CB780086496C /* en */,
			);
			name = InfoPlist.strings;
			sourceTree = "<group>";
		};
/* End PBXVariantGroup section */

/* Begin XCBuildConfiguration section */
		BFD2B46218C2CB780086496C /* Debug */ = {
			isa = XCBuildConfiguration;
			buildSettings = {
				ALWAYS_SEARCH_USER_PATHS = NO;
				CLANG_CXX_LANGUAGE_STANDARD = "gnu++0x";
				CLANG_CXX_LIBRARY = "libc++";
				CLANG_ENABLE_MODULES = YES;
				CLANG_ENABLE_OBJC_ARC = YES;
				CLANG_WARN_BOOL_CONVERSION = YES;
				CLANG_WARN_CONSTANT_CONVERSION = YES;
				CLANG_WARN_DIRECT_OBJC_ISA_USAGE = YES_ERROR;
				CLANG_WARN_EMPTY_BODY = YES;
				CLANG_WARN_ENUM_CONVERSION = YES;
				CLANG_WARN_INT_CONVERSION = YES;
				CLANG_WARN_OBJC_ROOT_CLASS = YES_ERROR;
				CLANG_WARN__DUPLICATE_METHOD_MATCH = YES;
				"CODE_SIGN_IDENTITY[sdk=iphoneos*]" = "iPhone Developer";
				COPY_PHASE_STRIP = NO;
				GCC_C_LANGUAGE_STANDARD = gnu99;
				GCC_DYNAMIC_NO_PIC = NO;
				GCC_OPTIMIZATION_LEVEL = 0;
				GCC_PREPROCESSOR_DEFINITIONS = (
					"DEBUG=1",
					"$(inherited)",
				);
				GCC_SYMBOLS_PRIVATE_EXTERN = NO;
				GCC_WARN_64_TO_32_BIT_CONVERSION = YES;
				GCC_WARN_ABOUT_RETURN_TYPE = YES_ERROR;
				GCC_WARN_UNDECLARED_SELECTOR = YES;
				GCC_WARN_UNINITIALIZED_AUTOS = YES;
				GCC_WARN_UNUSED_FUNCTION = YES;
				GCC_WARN_UNUSED_VARIABLE = YES;
				IPHONEOS_DEPLOYMENT_TARGET = 7.0;
				ONLY_ACTIVE_ARCH = YES;
				SDKROOT = iphoneos;
			};
			name = Debug;
		};
		BFD2B46318C2CB780086496C /* Release */ = {
			isa = XCBuildConfiguration;
			buildSettings = {
				ALWAYS_SEARCH_USER_PATHS = NO;
				CLANG_CXX_LANGUAGE_STANDARD = "gnu++0x";
				CLANG_CXX_LIBRARY = "libc++";
				CLANG_ENABLE_MODULES = YES;
				CLANG_ENABLE_OBJC_ARC = YES;
				CLANG_WARN_BOOL_CONVERSION = YES;
				CLANG_WARN_CONSTANT_CONVERSION = YES;
				CLANG_WARN_DIRECT_OBJC_ISA_USAGE = YES_ERROR;
				CLANG_WARN_EMPTY_BODY = YES;
				CLANG_WARN_ENUM_CONVERSION = YES;
				CLANG_WARN_INT_CONVERSION = YES;
				CLANG_WARN_OBJC_ROOT_CLASS = YES_ERROR;
				CLANG_WARN__DUPLICATE_METHOD_MATCH = YES;
				"CODE_SIGN_IDENTITY[sdk=iphoneos*]" = "iPhone Developer";
				COPY_PHASE_STRIP = YES;
				ENABLE_NS_ASSERTIONS = NO;
				GCC_C_LANGUAGE_STANDARD = gnu99;
				GCC_WARN_64_TO_32_BIT_CONVERSION = YES;
				GCC_WARN_ABOUT_RETURN_TYPE = YES_ERROR;
				GCC_WARN_UNDECLARED_SELECTOR = YES;
				GCC_WARN_UNINITIALIZED_AUTOS = YES;
				GCC_WARN_UNUSED_FUNCTION = YES;
				GCC_WARN_UNUSED_VARIABLE = YES;
				IPHONEOS_DEPLOYMENT_TARGET = 7.0;
				SDKROOT = iphoneos;
				VALIDATE_PRODUCT = YES;
			};
			name = Release;
		};
		BFD2B46518C2CB780086496C /* Debug */ = {
			isa = XCBuildConfiguration;
			baseConfigurationReference = 19AF720DC04945C8B986A36E /* Pods.xcconfig */;
			buildSettings = {
				ASSETCATALOG_COMPILER_APPICON_NAME = AppIcon;
				ASSETCATALOG_COMPILER_LAUNCHIMAGE_NAME = LaunchImage;
				CLANG_WARN_DEPRECATED_OBJC_IMPLEMENTATIONS = YES;
				CLANG_WARN_IMPLICIT_SIGN_CONVERSION = YES;
				CLANG_WARN_OBJC_EXPLICIT_OWNERSHIP_TYPE = YES;
				CLANG_WARN_OBJC_IMPLICIT_ATOMIC_PROPERTIES = YES;
				CLANG_WARN_OBJC_IMPLICIT_RETAIN_SELF = YES;
				CLANG_WARN_OBJC_MISSING_PROPERTY_SYNTHESIS = NO;
				CLANG_WARN_OBJC_RECEIVER_WEAK = YES;
				CLANG_WARN_OBJC_REPEATED_USE_OF_WEAK = YES;
				CLANG_WARN_SUSPICIOUS_IMPLICIT_CONVERSION = YES;
				GCC_PRECOMPILE_PREFIX_HEADER = YES;
				GCC_PREFIX_HEADER = "Streams/Streams-Prefix.pch";
				GCC_TREAT_IMPLICIT_FUNCTION_DECLARATIONS_AS_ERRORS = YES;
				GCC_TREAT_INCOMPATIBLE_POINTER_TYPE_WARNINGS_AS_ERRORS = YES;
				GCC_TREAT_WARNINGS_AS_ERRORS = YES;
				GCC_WARN_INITIALIZER_NOT_FULLY_BRACKETED = YES;
				GCC_WARN_MULTIPLE_DEFINITION_TYPES_FOR_SELECTOR = YES;
				GCC_WARN_SIGN_COMPARE = YES;
				GCC_WARN_STRICT_SELECTOR_MATCH = YES;
				GCC_WARN_UNKNOWN_PRAGMAS = YES;
				GCC_WARN_UNUSED_LABEL = YES;
				GCC_WARN_UNUSED_PARAMETER = NO;
				INFOPLIST_FILE = "Streams/Streams-Info.plist";
				PRODUCT_NAME = "$(TARGET_NAME)";
				WRAPPER_EXTENSION = app;
			};
			name = Debug;
		};
		BFD2B46618C2CB780086496C /* Release */ = {
			isa = XCBuildConfiguration;
			baseConfigurationReference = 19AF720DC04945C8B986A36E /* Pods.xcconfig */;
			buildSettings = {
				ASSETCATALOG_COMPILER_APPICON_NAME = AppIcon;
				ASSETCATALOG_COMPILER_LAUNCHIMAGE_NAME = LaunchImage;
				CLANG_WARN_DEPRECATED_OBJC_IMPLEMENTATIONS = YES;
				CLANG_WARN_IMPLICIT_SIGN_CONVERSION = YES;
				CLANG_WARN_OBJC_EXPLICIT_OWNERSHIP_TYPE = YES;
				CLANG_WARN_OBJC_IMPLICIT_ATOMIC_PROPERTIES = YES;
				CLANG_WARN_OBJC_IMPLICIT_RETAIN_SELF = YES;
				CLANG_WARN_OBJC_MISSING_PROPERTY_SYNTHESIS = NO;
				CLANG_WARN_OBJC_RECEIVER_WEAK = YES;
				CLANG_WARN_OBJC_REPEATED_USE_OF_WEAK = YES;
				CLANG_WARN_SUSPICIOUS_IMPLICIT_CONVERSION = YES;
				GCC_PRECOMPILE_PREFIX_HEADER = YES;
				GCC_PREFIX_HEADER = "Streams/Streams-Prefix.pch";
				GCC_TREAT_IMPLICIT_FUNCTION_DECLARATIONS_AS_ERRORS = YES;
				GCC_TREAT_INCOMPATIBLE_POINTER_TYPE_WARNINGS_AS_ERRORS = YES;
				GCC_TREAT_WARNINGS_AS_ERRORS = YES;
				GCC_WARN_INITIALIZER_NOT_FULLY_BRACKETED = YES;
				GCC_WARN_MULTIPLE_DEFINITION_TYPES_FOR_SELECTOR = YES;
				GCC_WARN_SIGN_COMPARE = YES;
				GCC_WARN_STRICT_SELECTOR_MATCH = YES;
				GCC_WARN_UNKNOWN_PRAGMAS = YES;
				GCC_WARN_UNUSED_LABEL = YES;
				GCC_WARN_UNUSED_PARAMETER = NO;
				INFOPLIST_FILE = "Streams/Streams-Info.plist";
				PRODUCT_NAME = "$(TARGET_NAME)";
				WRAPPER_EXTENSION = app;
			};
			name = Release;
		};
		BFD2B46818C2CB780086496C /* Debug */ = {
			isa = XCBuildConfiguration;
			baseConfigurationReference = 19AF720DC04945C8B986A36E /* Pods.xcconfig */;
			buildSettings = {
				BUNDLE_LOADER = "$(BUILT_PRODUCTS_DIR)/Streams.app/Streams";
				FRAMEWORK_SEARCH_PATHS = (
					"$(SDKROOT)/Developer/Library/Frameworks",
					"$(inherited)",
					"$(DEVELOPER_FRAMEWORKS_DIR)",
				);
				GCC_PRECOMPILE_PREFIX_HEADER = YES;
				GCC_PREFIX_HEADER = "Streams/Streams-Prefix.pch";
				GCC_PREPROCESSOR_DEFINITIONS = (
					"DEBUG=1",
					"$(inherited)",
				);
				INFOPLIST_FILE = "StreamsTests/StreamsTests-Info.plist";
				PRODUCT_NAME = "$(TARGET_NAME)";
				TEST_HOST = "$(BUNDLE_LOADER)";
				WRAPPER_EXTENSION = xctest;
			};
			name = Debug;
		};
		BFD2B46918C2CB780086496C /* Release */ = {
			isa = XCBuildConfiguration;
			baseConfigurationReference = 19AF720DC04945C8B986A36E /* Pods.xcconfig */;
			buildSettings = {
				BUNDLE_LOADER = "$(BUILT_PRODUCTS_DIR)/Streams.app/Streams";
				FRAMEWORK_SEARCH_PATHS = (
					"$(SDKROOT)/Developer/Library/Frameworks",
					"$(inherited)",
					"$(DEVELOPER_FRAMEWORKS_DIR)",
				);
				GCC_PRECOMPILE_PREFIX_HEADER = YES;
				GCC_PREFIX_HEADER = "Streams/Streams-Prefix.pch";
				INFOPLIST_FILE = "StreamsTests/StreamsTests-Info.plist";
				PRODUCT_NAME = "$(TARGET_NAME)";
				TEST_HOST = "$(BUNDLE_LOADER)";
				WRAPPER_EXTENSION = xctest;
			};
			name = Release;
		};
/* End XCBuildConfiguration section */

/* Begin XCConfigurationList section */
		BFD2B43318C2CB770086496C /* Build configuration list for PBXProject "Streams" */ = {
			isa = XCConfigurationList;
			buildConfigurations = (
				BFD2B46218C2CB780086496C /* Debug */,
				BFD2B46318C2CB780086496C /* Release */,
			);
			defaultConfigurationIsVisible = 0;
			defaultConfigurationName = Release;
		};
		BFD2B46418C2CB780086496C /* Build configuration list for PBXNativeTarget "Streams" */ = {
			isa = XCConfigurationList;
			buildConfigurations = (
				BFD2B46518C2CB780086496C /* Debug */,
				BFD2B46618C2CB780086496C /* Release */,
			);
			defaultConfigurationIsVisible = 0;
			defaultConfigurationName = Release;
		};
		BFD2B46718C2CB780086496C /* Build configuration list for PBXNativeTarget "StreamsTests" */ = {
			isa = XCConfigurationList;
			buildConfigurations = (
				BFD2B46818C2CB780086496C /* Debug */,
				BFD2B46918C2CB780086496C /* Release */,
			);
			defaultConfigurationIsVisible = 0;
			defaultConfigurationName = Release;
		};
/* End XCConfigurationList section */
	};
	rootObject = BFD2B43018C2CB770086496C /* Project object */;
}
